{
    "_readme": [
        "This file locks the dependencies of your project to a known state",
        "Read more about it at https://getcomposer.org/doc/01-basic-usage.md#installing-dependencies",
        "This file is @generated automatically"
    ],
    "content-hash": "b3c2b8e1d2834c3fa9d2f0bb66b49dc7",
    "packages": [
        {
            "name": "opencal/ical",
            "version": "3.2.1",
            "source": {
                "type": "git",
                "url": "https://git.var-lab.com/opencal/ical.git",
                "reference": "61e7871870c81effb7a0eb31e174273f1035cf19"
            },
            "require": {
                "ext-mbstring": "*",
                "php": "~8.1.0 || ~8.2.0 || ~8.3.0 || ~8.4.0",
                "symfony/deprecation-contracts": "^2.1 || ^3.0",
                "thecodingmachine/safe": "^3.1"
            },
            "conflict": {
                "php": "7.4.6"
            },
            "require-dev": {
                "ergebnis/composer-normalize": "^2.47",
                "phpstan/extension-installer": "^1.4",
                "phpstan/phpstan": "^2.1",
                "phpstan/phpstan-deprecation-rules": "^2.0",
                "phpstan/phpstan-phpunit": "^2.0",
                "phpstan/phpstan-strict-rules": "^2.0",
                "phpunit/phpunit": "^10.5 || ^11.5",
                "roave/security-advisories": "dev-latest",
                "thecodingmachine/phpstan-safe-rule": "^1.4",
                "var-lab/coding-standard": "^2.0"
            },
            "type": "library",
            "autoload": {
                "psr-4": {
                    "OpenCal\\iCal\\": "src/"
                }
            },
            "notification-url": "https://packagist.org/downloads/",
            "license": [
                "MIT"
            ],
            "authors": [
                {
                    "name": "Markus Poerschke",
                    "email": "markus@poerschke.nrw",
                    "role": "Developer"
                },
                {
                    "name": "Anton Dachauer",
                    "email": "ad@var-lab.com",
                    "role": "Developer"
                }
            ],
            "description": "The opencal/iCal package offers an abstraction layer for creating iCalendars. You can easily create iCal files by using PHP objects instead of typing your *.ics file by hand. The output will follow RFC 5545 as best as possible. This package is a fork from eluceo/ical.",
            "homepage": "https://git.var-lab.com/opencal/ical",
            "keywords": [
                "calendar",
                "iCalendar",
                "ical",
                "ics",
                "php calendar"
            ],
            "support": {
                "docs": "https://git.var-lab.com/opencal/ical/-/tree/main/docs",
                "issues": "https://git.var-lab.com/opencal/ical/-/issues",
                "source": "https://git.var-lab.com/opencal/ical"
            },
            "time": "2025-09-11T09:25:17+00:00"
        },
        {
            "name": "symfony/deprecation-contracts",
            "version": "v3.6.0",
            "source": {
                "type": "git",
                "url": "https://github.com/symfony/deprecation-contracts.git",
                "reference": "63afe740e99a13ba87ec199bb07bbdee937a5b62"
            },
            "dist": {
                "type": "zip",
                "url": "https://api.github.com/repos/symfony/deprecation-contracts/zipball/63afe740e99a13ba87ec199bb07bbdee937a5b62",
                "reference": "63afe740e99a13ba87ec199bb07bbdee937a5b62",
                "shasum": ""
            },
            "require": {
                "php": ">=8.1"
            },
            "type": "library",
            "extra": {
                "thanks": {
                    "url": "https://github.com/symfony/contracts",
                    "name": "symfony/contracts"
                },
                "branch-alias": {
                    "dev-main": "3.6-dev"
                }
            },
            "autoload": {
                "files": [
                    "function.php"
                ]
            },
            "notification-url": "https://packagist.org/downloads/",
            "license": [
                "MIT"
            ],
            "authors": [
                {
                    "name": "Nicolas Grekas",
                    "email": "p@tchwork.com"
                },
                {
                    "name": "Symfony Community",
                    "homepage": "https://symfony.com/contributors"
                }
            ],
            "description": "A generic function and convention to trigger deprecation notices",
            "homepage": "https://symfony.com",
            "support": {
                "source": "https://github.com/symfony/deprecation-contracts/tree/v3.6.0"
            },
            "funding": [
                {
                    "url": "https://symfony.com/sponsor",
                    "type": "custom"
                },
                {
                    "url": "https://github.com/fabpot",
                    "type": "github"
                },
                {
                    "url": "https://tidelift.com/funding/github/packagist/symfony/symfony",
                    "type": "tidelift"
                }
            ],
            "time": "2024-09-25T14:21:43+00:00"
        },
        {
            "name": "thecodingmachine/safe",
            "version": "v3.3.0",
            "source": {
                "type": "git",
                "url": "https://github.com/thecodingmachine/safe.git",
                "reference": "2cdd579eeaa2e78e51c7509b50cc9fb89a956236"
            },
            "dist": {
                "type": "zip",
                "url": "https://api.github.com/repos/thecodingmachine/safe/zipball/2cdd579eeaa2e78e51c7509b50cc9fb89a956236",
                "reference": "2cdd579eeaa2e78e51c7509b50cc9fb89a956236",
                "shasum": ""
            },
            "require": {
                "php": "^8.1"
            },
            "require-dev": {
                "php-parallel-lint/php-parallel-lint": "^1.4",
                "phpstan/phpstan": "^2",
                "phpunit/phpunit": "^10",
                "squizlabs/php_codesniffer": "^3.2"
            },
            "type": "library",
            "autoload": {
                "files": [
                    "lib/special_cases.php",
                    "generated/apache.php",
                    "generated/apcu.php",
                    "generated/array.php",
                    "generated/bzip2.php",
                    "generated/calendar.php",
                    "generated/classobj.php",
                    "generated/com.php",
                    "generated/cubrid.php",
                    "generated/curl.php",
                    "generated/datetime.php",
                    "generated/dir.php",
                    "generated/eio.php",
                    "generated/errorfunc.php",
                    "generated/exec.php",
                    "generated/fileinfo.php",
                    "generated/filesystem.php",
                    "generated/filter.php",
                    "generated/fpm.php",
                    "generated/ftp.php",
                    "generated/funchand.php",
                    "generated/gettext.php",
                    "generated/gmp.php",
                    "generated/gnupg.php",
                    "generated/hash.php",
                    "generated/ibase.php",
                    "generated/ibmDb2.php",
                    "generated/iconv.php",
                    "generated/image.php",
                    "generated/imap.php",
                    "generated/info.php",
                    "generated/inotify.php",
                    "generated/json.php",
                    "generated/ldap.php",
                    "generated/libxml.php",
                    "generated/lzf.php",
                    "generated/mailparse.php",
                    "generated/mbstring.php",
                    "generated/misc.php",
                    "generated/mysql.php",
                    "generated/mysqli.php",
                    "generated/network.php",
                    "generated/oci8.php",
                    "generated/opcache.php",
                    "generated/openssl.php",
                    "generated/outcontrol.php",
                    "generated/pcntl.php",
                    "generated/pcre.php",
                    "generated/pgsql.php",
                    "generated/posix.php",
                    "generated/ps.php",
                    "generated/pspell.php",
                    "generated/readline.php",
                    "generated/rnp.php",
                    "generated/rpminfo.php",
                    "generated/rrd.php",
                    "generated/sem.php",
                    "generated/session.php",
                    "generated/shmop.php",
                    "generated/sockets.php",
                    "generated/sodium.php",
                    "generated/solr.php",
                    "generated/spl.php",
                    "generated/sqlsrv.php",
                    "generated/ssdeep.php",
                    "generated/ssh2.php",
                    "generated/stream.php",
                    "generated/strings.php",
                    "generated/swoole.php",
                    "generated/uodbc.php",
                    "generated/uopz.php",
                    "generated/url.php",
                    "generated/var.php",
                    "generated/xdiff.php",
                    "generated/xml.php",
                    "generated/xmlrpc.php",
                    "generated/yaml.php",
                    "generated/yaz.php",
                    "generated/zip.php",
                    "generated/zlib.php"
                ],
                "classmap": [
                    "lib/DateTime.php",
                    "lib/DateTimeImmutable.php",
                    "lib/Exceptions/",
                    "generated/Exceptions/"
                ]
            },
            "notification-url": "https://packagist.org/downloads/",
            "license": [
                "MIT"
            ],
            "description": "PHP core functions that throw exceptions instead of returning FALSE on error",
            "support": {
                "issues": "https://github.com/thecodingmachine/safe/issues",
                "source": "https://github.com/thecodingmachine/safe/tree/v3.3.0"
            },
            "funding": [
                {
                    "url": "https://github.com/OskarStark",
                    "type": "github"
                },
                {
                    "url": "https://github.com/shish",
                    "type": "github"
                },
                {
                    "url": "https://github.com/staabm",
                    "type": "github"
                }
            ],
            "time": "2025-05-14T06:15:44+00:00"
        }
    ],
    "packages-dev": [],
    "aliases": [],
    "minimum-stability": "stable",
    "stability-flags": {},
    "prefer-stable": false,
    "prefer-lowest": false,
    "platform": {
        "php": "^8.4"
    },
    "platform-dev": {},
    "plugin-api-version": "2.6.0"
}
